
Microsoft Visual Studio Solution File, Format Version 12.00
# Visual Studio Version 17
VisualStudioVersion = 17.10.35027.167
MinimumVisualStudioVersion = 10.0.40219.1
Project("{FAE04EC0-301F-11D3-BF4B-00C04F79EFBC}") = "Dashboard", "Dashboard\Dashboard.csproj", "{B3A7466C-DC64-4BF3-9B45-BC12A6660A09}"
EndProject
Global
	GlobalSection(SolutionConfigurationPlatforms) = preSolution
		Debug|Any CPU = Debug|Any CPU
		Release|Any CPU = Release|Any CPU
	EndGlobalSection
	GlobalSection(ProjectConfigurationPlatforms) = postSolution
		{B3A7466C-DC64-4BF3-9B45-BC12A6660A09}.Debug|Any CPU.ActiveCfg = Debug|Any CPU
		{B3A7466C-DC64-4BF3-9B45-BC12A6660A09}.Debug|Any CPU.Build.0 = Debug|Any CPU
		{B3A7466C-DC64-4BF3-9B45-BC12A6660A09}.Release|Any CPU.ActiveCfg = Release|Any CPU
		{B3A7466C-DC64-4BF3-9B45-BC12A6660A09}.Release|Any CPU.Build.0 = Release|Any CPU
	EndGlobalSection
	GlobalSection(SolutionProperties) = preSolution
		HideSolutionNode = FALSE
	EndGlobalSection
	GlobalSection(ExtensibilityGlobals) = postSolution
		SolutionGuid = {4A2A7A02-B7EA-4E03-9EA3-196ABC1AF65B}
	EndGlobalSection
EndGlobal
